// !$*UTF8*$!
{
	archiveVersion = 1;
	classes = {
	};
	objectVersion = 46;
	objects = {

/* Begin PBXBuildFile section */
		BDFD6D921925774E00D74AEF /* MSPreviewViewController.m in Sources */ = {isa = PBXBuildFile; fileRef = BDFD6D911925774E00D74AEF /* MSPreviewViewController.m */; };
		BDFD6D9519257C3E00D74AEF /* MSCamViewController.m in Sources */ = {isa = PBXBuildFile; fileRef = BDFD6D9419257C3E00D74AEF /* MSCamViewController.m */; };
		BDFD6D9819257C4900D74AEF /* Main.storyboard in Resources */ = {isa = PBXBuildFile; fileRef = BDFD6D9619257C4900D74AEF /* Main.storyboard */; };
		BDFD6DA8192589F700D74AEF /* IMG_2443.jpg in Resources */ = {isa = PBXBuildFile; fileRef = BDFD6D9B192589F700D74AEF /* IMG_2443.jpg */; };
		BDFD6DA9192589F700D74AEF /* IMG_2444.jpg in Resources */ = {isa = PBXBuildFile; fileRef = BDFD6D9C192589F700D74AEF /* IMG_2444.jpg */; };
		BDFD6DAA192589F700D74AEF /* IMG_2445.jpg in Resources */ = {isa = PBXBuildFile; fileRef = BDFD6D9D192589F700D74AEF /* IMG_2445.jpg */; };
		BDFD6DAB192589F700D74AEF /* IMG_2446.jpg in Resources */ = {isa = PBXBuildFile; fileRef = BDFD6D9E192589F700D74AEF /* IMG_2446.jpg */; };
		BDFD6DAC192589F700D74AEF /* IMG_2447.jpg in Resources */ = {isa = PBXBuildFile; fileRef = BDFD6D9F192589F700D74AEF /* IMG_2447.jpg */; };
		BDFD6DAD192589F700D74AEF /* IMG_2448.jpg in Resources */ = {isa = PBXBuildFile; fileRef = BDFD6DA0192589F700D74AEF /* IMG_2448.jpg */; };
		BDFD6DAE192589F700D74AEF /* IMG_2449.jpg in Resources */ = {isa = PBXBuildFile; fileRef = BDFD6DA1192589F700D74AEF /* IMG_2449.jpg */; };
		BDFD6DAF192589F700D74AEF /* IMG_2450.jpg in Resources */ = {isa = PBXBuildFile; fileRef = BDFD6DA2192589F700D74AEF /* IMG_2450.jpg */; };
		BDFD6DB0192589F700D74AEF /* IMG_2451.jpg in Resources */ = {isa = PBXBuildFile; fileRef = BDFD6DA3192589F700D74AEF /* IMG_2451.jpg */; };
		BDFD6DB1192589F700D74AEF /* IMG_2452.jpg in Resources */ = {isa = PBXBuildFile; fileRef = BDFD6DA4192589F700D74AEF /* IMG_2452.jpg */; };
		BDFD6DB2192589F700D74AEF /* IMG_2453.jpg in Resources */ = {isa = PBXBuildFile; fileRef = BDFD6DA5192589F700D74AEF /* IMG_2453.jpg */; };
		BDFD6DB3192589F700D74AEF /* IMG_2454.jpg in Resources */ = {isa = PBXBuildFile; fileRef = BDFD6DA6192589F700D74AEF /* IMG_2454.jpg */; };
		BDFD6DB4192589F700D74AEF /* IMG_2455.jpg in Resources */ = {isa = PBXBuildFile; fileRef = BDFD6DA7192589F700D74AEF /* IMG_2455.jpg */; };
		BDFD6DB619258FCE00D74AEF /* ImageIO.framework in Frameworks */ = {isa = PBXBuildFile; fileRef = BDFD6DB519258FCE00D74AEF /* ImageIO.framework */; };
		BDFD6DB819258FD500D74AEF /* MobileCoreServices.framework in Frameworks */ = {isa = PBXBuildFile; fileRef = BDFD6DB719258FD500D74AEF /* MobileCoreServices.framework */; };
		C13377A81925701C0067F20E /* Foundation.framework in Frameworks */ = {isa = PBXBuildFile; fileRef = C13377A71925701C0067F20E /* Foundation.framework */; };
		C13377AA1925701C0067F20E /* CoreGraphics.framework in Frameworks */ = {isa = PBXBuildFile; fileRef = C13377A91925701C0067F20E /* CoreGraphics.framework */; };
		C13377AC1925701C0067F20E /* UIKit.framework in Frameworks */ = {isa = PBXBuildFile; fileRef = C13377AB1925701C0067F20E /* UIKit.framework */; };
		C13377B21925701C0067F20E /* InfoPlist.strings in Resources */ = {isa = PBXBuildFile; fileRef = C13377B01925701C0067F20E /* InfoPlist.strings */; };
		C13377B41925701C0067F20E /* main.m in Sources */ = {isa = PBXBuildFile; fileRef = C13377B31925701C0067F20E /* main.m */; };
		C13377B81925701C0067F20E /* MSAppDelegate.m in Sources */ = {isa = PBXBuildFile; fileRef = C13377B71925701C0067F20E /* MSAppDelegate.m */; };
		C13377BA1925701C0067F20E /* Images.xcassets in Resources */ = {isa = PBXBuildFile; fileRef = C13377B91925701C0067F20E /* Images.xcassets */; };
		C13377C11925701C0067F20E /* XCTest.framework in Frameworks */ = {isa = PBXBuildFile; fileRef = C13377C01925701C0067F20E /* XCTest.framework */; };
		C13377C21925701C0067F20E /* Foundation.framework in Frameworks */ = {isa = PBXBuildFile; fileRef = C13377A71925701C0067F20E /* Foundation.framework */; };
		C13377C31925701C0067F20E /* UIKit.framework in Frameworks */ = {isa = PBXBuildFile; fileRef = C13377AB1925701C0067F20E /* UIKit.framework */; };
		C13377CB1925701C0067F20E /* InfoPlist.strings in Resources */ = {isa = PBXBuildFile; fileRef = C13377C91925701C0067F20E /* InfoPlist.strings */; };
		C13377CD1925701C0067F20E /* MrSelfieTests.m in Sources */ = {isa = PBXBuildFile; fileRef = C13377CC1925701C0067F20E /* MrSelfieTests.m */; };
		C1337822192577C70067F20E /* MSCamPreviewView.m in Sources */ = {isa = PBXBuildFile; fileRef = C1337821192577C70067F20E /* MSCamPreviewView.m */; };
		C18694B119259792003B9EE7 /* button_camera_mrselfie@2x.png in Resources */ = {isa = PBXBuildFile; fileRef = C18694AF19259792003B9EE7 /* button_camera_mrselfie@2x.png */; };
		C18694B219259792003B9EE7 /* button_share_mrselfie@2x.png in Resources */ = {isa = PBXBuildFile; fileRef = C18694B019259792003B9EE7 /* button_share_mrselfie@2x.png */; };
/* End PBXBuildFile section */

/* Begin PBXContainerItemProxy section */
		C13377C41925701C0067F20E /* PBXContainerItemProxy */ = {
			isa = PBXContainerItemProxy;
			containerPortal = C133779C1925701C0067F20E /* Project object */;
			proxyType = 1;
			remoteGlobalIDString = C13377A31925701C0067F20E;
			remoteInfo = MrSelfie;
		};
/* End PBXContainerItemProxy section */

/* Begin PBXFileReference section */
		BDFD6D901925774E00D74AEF /* MSPreviewViewController.h */ = {isa = PBXFileReference; fileEncoding = 4; lastKnownFileType = sourcecode.c.h; path = MSPreviewViewController.h; sourceTree = "<group>"; };
		BDFD6D911925774E00D74AEF /* MSPreviewViewController.m */ = {isa = PBXFileReference; fileEncoding = 4; lastKnownFileType = sourcecode.c.objc; path = MSPreviewViewController.m; sourceTree = "<group>"; };
		BDFD6D9319257C3E00D74AEF /* MSCamViewController.h */ = {isa = PBXFileReference; fileEncoding = 4; lastKnownFileType = sourcecode.c.h; path = MSCamViewController.h; sourceTree = "<group>"; };
		BDFD6D9419257C3E00D74AEF /* MSCamViewController.m */ = {isa = PBXFileReference; fileEncoding = 4; lastKnownFileType = sourcecode.c.objc; path = MSCamViewController.m; sourceTree = "<group>"; };
		BDFD6D9719257C4900D74AEF /* Base */ = {isa = PBXFileReference; lastKnownFileType = file.storyboard; name = Base; path = Base.lproj/Main.storyboard; sourceTree = "<group>"; };
		BDFD6D9B192589F700D74AEF /* IMG_2443.jpg */ = {isa = PBXFileReference; lastKnownFileType = image.jpeg; path = IMG_2443.jpg; sourceTree = "<group>"; };
		BDFD6D9C192589F700D74AEF /* IMG_2444.jpg */ = {isa = PBXFileReference; lastKnownFileType = image.jpeg; path = IMG_2444.jpg; sourceTree = "<group>"; };
		BDFD6D9D192589F700D74AEF /* IMG_2445.jpg */ = {isa = PBXFileReference; lastKnownFileType = image.jpeg; path = IMG_2445.jpg; sourceTree = "<group>"; };
		BDFD6D9E192589F700D74AEF /* IMG_2446.jpg */ = {isa = PBXFileReference; lastKnownFileType = image.jpeg; path = IMG_2446.jpg; sourceTree = "<group>"; };
		BDFD6D9F192589F700D74AEF /* IMG_2447.jpg */ = {isa = PBXFileReference; lastKnownFileType = image.jpeg; path = IMG_2447.jpg; sourceTree = "<group>"; };
		BDFD6DA0192589F700D74AEF /* IMG_2448.jpg */ = {isa = PBXFileReference; lastKnownFileType = image.jpeg; path = IMG_2448.jpg; sourceTree = "<group>"; };
		BDFD6DA1192589F700D74AEF /* IMG_2449.jpg */ = {isa = PBXFileReference; lastKnownFileType = image.jpeg; path = IMG_2449.jpg; sourceTree = "<group>"; };
		BDFD6DA2192589F700D74AEF /* IMG_2450.jpg */ = {isa = PBXFileReference; lastKnownFileType = image.jpeg; path = IMG_2450.jpg; sourceTree = "<group>"; };
		BDFD6DA3192589F700D74AEF /* IMG_2451.jpg */ = {isa = PBXFileReference; lastKnownFileType = image.jpeg; path = IMG_2451.jpg; sourceTree = "<group>"; };
		BDFD6DA4192589F700D74AEF /* IMG_2452.jpg */ = {isa = PBXFileReference; lastKnownFileType = image.jpeg; path = IMG_2452.jpg; sourceTree = "<group>"; };
		BDFD6DA5192589F700D74AEF /* IMG_2453.jpg */ = {isa = PBXFileReference; lastKnownFileType = image.jpeg; path = IMG_2453.jpg; sourceTree = "<group>"; };
		BDFD6DA6192589F700D74AEF /* IMG_2454.jpg */ = {isa = PBXFileReference; lastKnownFileType = image.jpeg; path = IMG_2454.jpg; sourceTree = "<group>"; };
		BDFD6DA7192589F700D74AEF /* IMG_2455.jpg */ = {isa = PBXFileReference; lastKnownFileType = image.jpeg; path = IMG_2455.jpg; sourceTree = "<group>"; };
		BDFD6DB519258FCE00D74AEF /* ImageIO.framework */ = {isa = PBXFileReference; lastKnownFileType = wrapper.framework; name = ImageIO.framework; path = System/Library/Frameworks/ImageIO.framework; sourceTree = SDKROOT; };
		BDFD6DB719258FD500D74AEF /* MobileCoreServices.framework */ = {isa = PBXFileReference; lastKnownFileType = wrapper.framework; name = MobileCoreServices.framework; path = System/Library/Frameworks/MobileCoreServices.framework; sourceTree = SDKROOT; };
		C13377A41925701C0067F20E /* MrSelfie.app */ = {isa = PBXFileReference; explicitFileType = wrapper.application; includeInIndex = 0; path = MrSelfie.app; sourceTree = BUILT_PRODUCTS_DIR; };
		C13377A71925701C0067F20E /* Foundation.framework */ = {isa = PBXFileReference; lastKnownFileType = wrapper.framework; name = Foundation.framework; path = System/Library/Frameworks/Foundation.framework; sourceTree = SDKROOT; };
		C13377A91925701C0067F20E /* CoreGraphics.framework */ = {isa = PBXFileReference; lastKnownFileType = wrapper.framework; name = CoreGraphics.framework; path = System/Library/Frameworks/CoreGraphics.framework; sourceTree = SDKROOT; };
		C13377AB1925701C0067F20E /* UIKit.framework */ = {isa = PBXFileReference; lastKnownFileType = wrapper.framework; name = UIKit.framework; path = System/Library/Frameworks/UIKit.framework; sourceTree = SDKROOT; };
		C13377AF1925701C0067F20E /* MrSelfie-Info.plist */ = {isa = PBXFileReference; lastKnownFileType = text.plist.xml; path = "MrSelfie-Info.plist"; sourceTree = "<group>"; };
		C13377B11925701C0067F20E /* en */ = {isa = PBXFileReference; lastKnownFileType = text.plist.strings; name = en; path = en.lproj/InfoPlist.strings; sourceTree = "<group>"; };
		C13377B31925701C0067F20E /* main.m */ = {isa = PBXFileReference; lastKnownFileType = sourcecode.c.objc; path = main.m; sourceTree = "<group>"; };
		C13377B51925701C0067F20E /* MrSelfie-Prefix.pch */ = {isa = PBXFileReference; lastKnownFileType = sourcecode.c.h; path = "MrSelfie-Prefix.pch"; sourceTree = "<group>"; };
		C13377B61925701C0067F20E /* MSAppDelegate.h */ = {isa = PBXFileReference; lastKnownFileType = sourcecode.c.h; path = MSAppDelegate.h; sourceTree = "<group>"; };
		C13377B71925701C0067F20E /* MSAppDelegate.m */ = {isa = PBXFileReference; lastKnownFileType = sourcecode.c.objc; path = MSAppDelegate.m; sourceTree = "<group>"; };
		C13377B91925701C0067F20E /* Images.xcassets */ = {isa = PBXFileReference; lastKnownFileType = folder.assetcatalog; path = Images.xcassets; sourceTree = "<group>"; };
		C13377BF1925701C0067F20E /* MrSelfieTests.xctest */ = {isa = PBXFileReference; explicitFileType = wrapper.cfbundle; includeInIndex = 0; path = MrSelfieTests.xctest; sourceTree = BUILT_PRODUCTS_DIR; };
		C13377C01925701C0067F20E /* XCTest.framework */ = {isa = PBXFileReference; lastKnownFileType = wrapper.framework; name = XCTest.framework; path = Library/Frameworks/XCTest.framework; sourceTree = DEVELOPER_DIR; };
		C13377C81925701C0067F20E /* MrSelfieTests-Info.plist */ = {isa = PBXFileReference; lastKnownFileType = text.plist.xml; path = "MrSelfieTests-Info.plist"; sourceTree = "<group>"; };
		C13377CA1925701C0067F20E /* en */ = {isa = PBXFileReference; lastKnownFileType = text.plist.strings; name = en; path = en.lproj/InfoPlist.strings; sourceTree = "<group>"; };
		C13377CC1925701C0067F20E /* MrSelfieTests.m */ = {isa = PBXFileReference; lastKnownFileType = sourcecode.c.objc; path = MrSelfieTests.m; sourceTree = "<group>"; };
		C1337820192577C70067F20E /* MSCamPreviewView.h */ = {isa = PBXFileReference; fileEncoding = 4; lastKnownFileType = sourcecode.c.h; path = MSCamPreviewView.h; sourceTree = "<group>"; };
		C1337821192577C70067F20E /* MSCamPreviewView.m */ = {isa = PBXFileReference; fileEncoding = 4; lastKnownFileType = sourcecode.c.objc; path = MSCamPreviewView.m; sourceTree = "<group>"; };
		C18694AF19259792003B9EE7 /* button_camera_mrselfie@2x.png */ = {isa = PBXFileReference; lastKnownFileType = image.png; name = "button_camera_mrselfie@2x.png"; path = "images/button_camera_mrselfie@2x.png"; sourceTree = "<group>"; };
		C18694B019259792003B9EE7 /* button_share_mrselfie@2x.png */ = {isa = PBXFileReference; lastKnownFileType = image.png; name = "button_share_mrselfie@2x.png"; path = "images/button_share_mrselfie@2x.png"; sourceTree = "<group>"; };
/* End PBXFileReference section */

/* Begin PBXFrameworksBuildPhase section */
		C13377A11925701C0067F20E /* Frameworks */ = {
			isa = PBXFrameworksBuildPhase;
			buildActionMask = 2147483647;
			files = (
				BDFD6DB819258FD500D74AEF /* MobileCoreServices.framework in Frameworks */,
				BDFD6DB619258FCE00D74AEF /* ImageIO.framework in Frameworks */,
				C13377AA1925701C0067F20E /* CoreGraphics.framework in Frameworks */,
				C13377AC1925701C0067F20E /* UIKit.framework in Frameworks */,
				C13377A81925701C0067F20E /* Foundation.framework in Frameworks */,
			);
			runOnlyForDeploymentPostprocessing = 0;
		};
		C13377BC1925701C0067F20E /* Frameworks */ = {
			isa = PBXFrameworksBuildPhase;
			buildActionMask = 2147483647;
			files = (
				C13377C11925701C0067F20E /* XCTest.framework in Frameworks */,
				C13377C31925701C0067F20E /* UIKit.framework in Frameworks */,
				C13377C21925701C0067F20E /* Foundation.framework in Frameworks */,
			);
			runOnlyForDeploymentPostprocessing = 0;
		};
/* End PBXFrameworksBuildPhase section */

/* Begin PBXGroup section */
		BDFD6D99192589E100D74AEF /* Images */ = {
			isa = PBXGroup;
			children = (
				C18694AF19259792003B9EE7 /* button_camera_mrselfie@2x.png */,
				C18694B019259792003B9EE7 /* button_share_mrselfie@2x.png */,
				BDFD6D9A192589F700D74AEF /* Sample */,
			);
			name = Images;
			sourceTree = "<group>";
		};
		BDFD6D9A192589F700D74AEF /* Sample */ = {
			isa = PBXGroup;
			children = (
				BDFD6D9B192589F700D74AEF /* IMG_2443.jpg */,
				BDFD6D9C192589F700D74AEF /* IMG_2444.jpg */,
				BDFD6D9D192589F700D74AEF /* IMG_2445.jpg */,
				BDFD6D9E192589F700D74AEF /* IMG_2446.jpg */,
				BDFD6D9F192589F700D74AEF /* IMG_2447.jpg */,
				BDFD6DA0192589F700D74AEF /* IMG_2448.jpg */,
				BDFD6DA1192589F700D74AEF /* IMG_2449.jpg */,
				BDFD6DA2192589F700D74AEF /* IMG_2450.jpg */,
				BDFD6DA3192589F700D74AEF /* IMG_2451.jpg */,
				BDFD6DA4192589F700D74AEF /* IMG_2452.jpg */,
				BDFD6DA5192589F700D74AEF /* IMG_2453.jpg */,
				BDFD6DA6192589F700D74AEF /* IMG_2454.jpg */,
				BDFD6DA7192589F700D74AEF /* IMG_2455.jpg */,
			);
			name = Sample;
			path = Images.xcassets/Sample;
			sourceTree = "<group>";
		};
		C133779B1925701C0067F20E = {
			isa = PBXGroup;
			children = (
				C13377AD1925701C0067F20E /* MrSelfie */,
				C13377C61925701C0067F20E /* MrSelfieTests */,
				C13377A61925701C0067F20E /* Frameworks */,
				C13377A51925701C0067F20E /* Products */,
			);
			sourceTree = "<group>";
		};
		C13377A51925701C0067F20E /* Products */ = {
			isa = PBXGroup;
			children = (
				C13377A41925701C0067F20E /* MrSelfie.app */,
				C13377BF1925701C0067F20E /* MrSelfieTests.xctest */,
			);
			name = Products;
			sourceTree = "<group>";
		};
		C13377A61925701C0067F20E /* Frameworks */ = {
			isa = PBXGroup;
			children = (
				BDFD6DB719258FD500D74AEF /* MobileCoreServices.framework */,
				BDFD6DB519258FCE00D74AEF /* ImageIO.framework */,
				C13377A71925701C0067F20E /* Foundation.framework */,
				C13377A91925701C0067F20E /* CoreGraphics.framework */,
				C13377AB1925701C0067F20E /* UIKit.framework */,
				C13377C01925701C0067F20E /* XCTest.framework */,
			);
			name = Frameworks;
			sourceTree = "<group>";
		};
		C13377AD1925701C0067F20E /* MrSelfie */ = {
			isa = PBXGroup;
			children = (
				BDFD6D99192589E100D74AEF /* Images */,
				BDFD6D9619257C4900D74AEF /* Main.storyboard */,
				BDFD6D9319257C3E00D74AEF /* MSCamViewController.h */,
				BDFD6D9419257C3E00D74AEF /* MSCamViewController.m */,
				C13377B61925701C0067F20E /* MSAppDelegate.h */,
				C13377B71925701C0067F20E /* MSAppDelegate.m */,
				BDFD6D901925774E00D74AEF /* MSPreviewViewController.h */,
				BDFD6D911925774E00D74AEF /* MSPreviewViewController.m */,
				C13377B91925701C0067F20E /* Images.xcassets */,
				C1337820192577C70067F20E /* MSCamPreviewView.h */,
				C1337821192577C70067F20E /* MSCamPreviewView.m */,
				C13377AE1925701C0067F20E /* Supporting Files */,
			);
			path = MrSelfie;
			sourceTree = "<group>";
		};
		C13377AE1925701C0067F20E /* Supporting Files */ = {
			isa = PBXGroup;
			children = (
				C13377AF1925701C0067F20E /* MrSelfie-Info.plist */,
				C13377B01925701C0067F20E /* InfoPlist.strings */,
				C13377B31925701C0067F20E /* main.m */,
				C13377B51925701C0067F20E /* MrSelfie-Prefix.pch */,
			);
			name = "Supporting Files";
			sourceTree = "<group>";
		};
		C13377C61925701C0067F20E /* MrSelfieTests */ = {
			isa = PBXGroup;
			children = (
				C13377CC1925701C0067F20E /* MrSelfieTests.m */,
				C13377C71925701C0067F20E /* Supporting Files */,
			);
			path = MrSelfieTests;
			sourceTree = "<group>";
		};
		C13377C71925701C0067F20E /* Supporting Files */ = {
			isa = PBXGroup;
			children = (
				C13377C81925701C0067F20E /* MrSelfieTests-Info.plist */,
				C13377C91925701C0067F20E /* InfoPlist.strings */,
			);
			name = "Supporting Files";
			sourceTree = "<group>";
		};
/* End PBXGroup section */

/* Begin PBXNativeTarget section */
		C13377A31925701C0067F20E /* MrSelfie */ = {
			isa = PBXNativeTarget;
			buildConfigurationList = C13377D01925701C0067F20E /* Build configuration list for PBXNativeTarget "MrSelfie" */;
			buildPhases = (
				C13377A01925701C0067F20E /* Sources */,
				C13377A11925701C0067F20E /* Frameworks */,
				C13377A21925701C0067F20E /* Resources */,
			);
			buildRules = (
			);
			dependencies = (
			);
			name = MrSelfie;
			productName = MrSelfie;
			productReference = C13377A41925701C0067F20E /* MrSelfie.app */;
			productType = "com.apple.product-type.application";
		};
		C13377BE1925701C0067F20E /* MrSelfieTests */ = {
			isa = PBXNativeTarget;
			buildConfigurationList = C13377D31925701C0067F20E /* Build configuration list for PBXNativeTarget "MrSelfieTests" */;
			buildPhases = (
				C13377BB1925701C0067F20E /* Sources */,
				C13377BC1925701C0067F20E /* Frameworks */,
				C13377BD1925701C0067F20E /* Resources */,
			);
			buildRules = (
			);
			dependencies = (
				C13377C51925701C0067F20E /* PBXTargetDependency */,
			);
			name = MrSelfieTests;
			productName = MrSelfieTests;
			productReference = C13377BF1925701C0067F20E /* MrSelfieTests.xctest */;
			productType = "com.apple.product-type.bundle.unit-test";
		};
/* End PBXNativeTarget section */

/* Begin PBXProject section */
		C133779C1925701C0067F20E /* Project object */ = {
			isa = PBXProject;
			attributes = {
				CLASSPREFIX = MS;
				LastUpgradeCheck = 0510;
				ORGANIZATIONNAME = MSStorm8;
				TargetAttributes = {
					C13377BE1925701C0067F20E = {
						TestTargetID = C13377A31925701C0067F20E;
					};
				};
			};
			buildConfigurationList = C133779F1925701C0067F20E /* Build configuration list for PBXProject "MrSelfie" */;
			compatibilityVersion = "Xcode 3.2";
			developmentRegion = English;
			hasScannedForEncodings = 0;
			knownRegions = (
				en,
				Base,
			);
			mainGroup = C133779B1925701C0067F20E;
			productRefGroup = C13377A51925701C0067F20E /* Products */;
			projectDirPath = "";
			projectRoot = "";
			targets = (
				C13377A31925701C0067F20E /* MrSelfie */,
				C13377BE1925701C0067F20E /* MrSelfieTests */,
			);
		};
/* End PBXProject section */

/* Begin PBXResourcesBuildPhase section */
		C13377A21925701C0067F20E /* Resources */ = {
			isa = PBXResourcesBuildPhase;
			buildActionMask = 2147483647;
			files = (
				BDFD6DB3192589F700D74AEF /* IMG_2454.jpg in Resources */,
				BDFD6DAE192589F700D74AEF /* IMG_2449.jpg in Resources */,
				BDFD6DAC192589F700D74AEF /* IMG_2447.jpg in Resources */,
				BDFD6DAF192589F700D74AEF /* IMG_2450.jpg in Resources */,
				BDFD6DB0192589F700D74AEF /* IMG_2451.jpg in Resources */,
				BDFD6DAA192589F700D74AEF /* IMG_2445.jpg in Resources */,
				BDFD6DB2192589F700D74AEF /* IMG_2453.jpg in Resources */,
				C18694B119259792003B9EE7 /* button_camera_mrselfie@2x.png in Resources */,
				C18694B219259792003B9EE7 /* button_share_mrselfie@2x.png in Resources */,
				BDFD6DB4192589F700D74AEF /* IMG_2455.jpg in Resources */,
				BDFD6DB1192589F700D74AEF /* IMG_2452.jpg in Resources */,
				BDFD6DA9192589F700D74AEF /* IMG_2444.jpg in Resources */,
				BDFD6DA8192589F700D74AEF /* IMG_2443.jpg in Resources */,
				BDFD6D9819257C4900D74AEF /* Main.storyboard in Resources */,
				C13377B21925701C0067F20E /* InfoPlist.strings in Resources */,
				BDFD6DAD192589F700D74AEF /* IMG_2448.jpg in Resources */,
				C13377BA1925701C0067F20E /* Images.xcassets in Resources */,
				BDFD6DAB192589F700D74AEF /* IMG_2446.jpg in Resources */,
			);
			runOnlyForDeploymentPostprocessing = 0;
		};
		C13377BD1925701C0067F20E /* Resources */ = {
			isa = PBXResourcesBuildPhase;
			buildActionMask = 2147483647;
			files = (
				C13377CB1925701C0067F20E /* InfoPlist.strings in Resources */,
			);
			runOnlyForDeploymentPostprocessing = 0;
		};
/* End PBXResourcesBuildPhase section */

/* Begin PBXSourcesBuildPhase section */
		C13377A01925701C0067F20E /* Sources */ = {
			isa = PBXSourcesBuildPhase;
			buildActionMask = 2147483647;
			files = (
				BDFD6D9519257C3E00D74AEF /* MSCamViewController.m in Sources */,
				C13377B81925701C0067F20E /* MSAppDelegate.m in Sources */,
				BDFD6D921925774E00D74AEF /* MSPreviewViewController.m in Sources */,
				C13377B41925701C0067F20E /* main.m in Sources */,
				C1337822192577C70067F20E /* MSCamPreviewView.m in Sources */,
			);
			runOnlyForDeploymentPostprocessing = 0;
		};
		C13377BB1925701C0067F20E /* Sources */ = {
			isa = PBXSourcesBuildPhase;
			buildActionMask = 2147483647;
			files = (
				C13377CD1925701C0067F20E /* MrSelfieTests.m in Sources */,
			);
			runOnlyForDeploymentPostprocessing = 0;
		};
/* End PBXSourcesBuildPhase section */

/* Begin PBXTargetDependency section */
		C13377C51925701C0067F20E /* PBXTargetDependency */ = {
			isa = PBXTargetDependency;
			target = C13377A31925701C0067F20E /* MrSelfie */;
			targetProxy = C13377C41925701C0067F20E /* PBXContainerItemProxy */;
		};
/* End PBXTargetDependency section */

/* Begin PBXVariantGroup section */
		BDFD6D9619257C4900D74AEF /* Main.storyboard */ = {
			isa = PBXVariantGroup;
			children = (
				BDFD6D9719257C4900D74AEF /* Base */,
			);
			name = Main.storyboard;
			sourceTree = "<group>";
		};
		C13377B01925701C0067F20E /* InfoPlist.strings */ = {
			isa = PBXVariantGroup;
			children = (
				C13377B11925701C0067F20E /* en */,
			);
			name = InfoPlist.strings;
			sourceTree = "<group>";
		};
		C13377C91925701C0067F20E /* InfoPlist.strings */ = {
			isa = PBXVariantGroup;
			children = (
				C13377CA1925701C0067F20E /* en */,
			);
			name = InfoPlist.strings;
			sourceTree = "<group>";
		};
/* End PBXVariantGroup section */

/* Begin XCBuildConfiguration section */
		C13377CE1925701C0067F20E /* Debug */ = {
			isa = XCBuildConfiguration;
			buildSettings = {
				ALWAYS_SEARCH_USER_PATHS = NO;
				CLANG_CXX_LANGUAGE_STANDARD = "gnu++0x";
				CLANG_CXX_LIBRARY = "libc++";
				CLANG_ENABLE_MODULES = YES;
				CLANG_ENABLE_OBJC_ARC = YES;
				CLANG_WARN_BOOL_CONVERSION = YES;
				CLANG_WARN_CONSTANT_CONVERSION = YES;
				CLANG_WARN_DIRECT_OBJC_ISA_USAGE = YES_ERROR;
				CLANG_WARN_EMPTY_BODY = YES;
				CLANG_WARN_ENUM_CONVERSION = YES;
				CLANG_WARN_INT_CONVERSION = YES;
				CLANG_WARN_OBJC_ROOT_CLASS = YES_ERROR;
				CLANG_WARN__DUPLICATE_METHOD_MATCH = YES;
				"CODE_SIGN_IDENTITY[sdk=iphoneos*]" = "iPhone Developer";
				COPY_PHASE_STRIP = NO;
				GCC_C_LANGUAGE_STANDARD = gnu99;
				GCC_DYNAMIC_NO_PIC = NO;
				GCC_OPTIMIZATION_LEVEL = 0;
				GCC_PREPROCESSOR_DEFINITIONS = (
					"DEBUG=1",
					"$(inherited)",
				);
				GCC_SYMBOLS_PRIVATE_EXTERN = NO;
				GCC_WARN_64_TO_32_BIT_CONVERSION = YES;
				GCC_WARN_ABOUT_RETURN_TYPE = YES_ERROR;
				GCC_WARN_UNDECLARED_SELECTOR = YES;
				GCC_WARN_UNINITIALIZED_AUTOS = YES_AGGRESSIVE;
				GCC_WARN_UNUSED_FUNCTION = YES;
				GCC_WARN_UNUSED_VARIABLE = YES;
				IPHONEOS_DEPLOYMENT_TARGET = 7.1;
				ONLY_ACTIVE_ARCH = YES;
				SDKROOT = iphoneos;
			};
			name = Debug;
		};
		C13377CF1925701C0067F20E /* Release */ = {
			isa = XCBuildConfiguration;
			buildSettings = {
				ALWAYS_SEARCH_USER_PATHS = NO;
				CLANG_CXX_LANGUAGE_STANDARD = "gnu++0x";
				CLANG_CXX_LIBRARY = "libc++";
				CLANG_ENABLE_MODULES = YES;
				CLANG_ENABLE_OBJC_ARC = YES;
				CLANG_WARN_BOOL_CONVERSION = YES;
				CLANG_WARN_CONSTANT_CONVERSION = YES;
				CLANG_WARN_DIRECT_OBJC_ISA_USAGE = YES_ERROR;
				CLANG_WARN_EMPTY_BODY = YES;
				CLANG_WARN_ENUM_CONVERSION = YES;
				CLANG_WARN_INT_CONVERSION = YES;
				CLANG_WARN_OBJC_ROOT_CLASS = YES_ERROR;
				CLANG_WARN__DUPLICATE_METHOD_MATCH = YES;
				"CODE_SIGN_IDENTITY[sdk=iphoneos*]" = "iPhone Developer";
				COPY_PHASE_STRIP = YES;
				ENABLE_NS_ASSERTIONS = NO;
				GCC_C_LANGUAGE_STANDARD = gnu99;
				GCC_WARN_64_TO_32_BIT_CONVERSION = YES;
				GCC_WARN_ABOUT_RETURN_TYPE = YES_ERROR;
				GCC_WARN_UNDECLARED_SELECTOR = YES;
				GCC_WARN_UNINITIALIZED_AUTOS = YES_AGGRESSIVE;
				GCC_WARN_UNUSED_FUNCTION = YES;
				GCC_WARN_UNUSED_VARIABLE = YES;
				IPHONEOS_DEPLOYMENT_TARGET = 7.1;
				SDKROOT = iphoneos;
				VALIDATE_PRODUCT = YES;
			};
			name = Release;
		};
		C13377D11925701C0067F20E /* Debug */ = {
			isa = XCBuildConfiguration;
			buildSettings = {
				ASSETCATALOG_COMPILER_APPICON_NAME = AppIcon;
				ASSETCATALOG_COMPILER_LAUNCHIMAGE_NAME = LaunchImage;
				GCC_PRECOMPILE_PREFIX_HEADER = YES;
				GCC_PREFIX_HEADER = "MrSelfie/MrSelfie-Prefix.pch";
				INFOPLIST_FILE = "MrSelfie/MrSelfie-Info.plist";
				IPHONEOS_DEPLOYMENT_TARGET = 7.0;
				PRODUCT_NAME = "$(TARGET_NAME)";
				WRAPPER_EXTENSION = app;
			};
			name = Debug;
		};
		C13377D21925701C0067F20E /* Release */ = {
			isa = XCBuildConfiguration;
			buildSettings = {
				ASSETCATALOG_COMPILER_APPICON_NAME = AppIcon;
				ASSETCATALOG_COMPILER_LAUNCHIMAGE_NAME = LaunchImage;
				GCC_PRECOMPILE_PREFIX_HEADER = YES;
				GCC_PREFIX_HEADER = "MrSelfie/MrSelfie-Prefix.pch";
				INFOPLIST_FILE = "MrSelfie/MrSelfie-Info.plist";
				IPHONEOS_DEPLOYMENT_TARGET = 7.0;
				PRODUCT_NAME = "$(TARGET_NAME)";
				WRAPPER_EXTENSION = app;
			};
			name = Release;
		};
		C13377D41925701C0067F20E /* Debug */ = {
			isa = XCBuildConfiguration;
			buildSettings = {
				BUNDLE_LOADER = "$(BUILT_PRODUCTS_DIR)/MrSelfie.app/MrSelfie";
				FRAMEWORK_SEARCH_PATHS = (
					"$(SDKROOT)/Developer/Library/Frameworks",
					"$(inherited)",
					"$(DEVELOPER_FRAMEWORKS_DIR)",
				);
				GCC_PRECOMPILE_PREFIX_HEADER = YES;
				GCC_PREFIX_HEADER = "MrSelfie/MrSelfie-Prefix.pch";
				GCC_PREPROCESSOR_DEFINITIONS = (
					"DEBUG=1",
					"$(inherited)",
				);
				INFOPLIST_FILE = "MrSelfieTests/MrSelfieTests-Info.plist";
				PRODUCT_NAME = "$(TARGET_NAME)";
				TEST_HOST = "$(BUNDLE_LOADER)";
				WRAPPER_EXTENSION = xctest;
			};
			name = Debug;
		};
		C13377D51925701C0067F20E /* Release */ = {
			isa = XCBuildConfiguration;
			buildSettings = {
				BUNDLE_LOADER = "$(BUILT_PRODUCTS_DIR)/MrSelfie.app/MrSelfie";
				FRAMEWORK_SEARCH_PATHS = (
					"$(SDKROOT)/Developer/Library/Frameworks",
					"$(inherited)",
					"$(DEVELOPER_FRAMEWORKS_DIR)",
				);
				GCC_PRECOMPILE_PREFIX_HEADER = YES;
				GCC_PREFIX_HEADER = "MrSelfie/MrSelfie-Prefix.pch";
				INFOPLIST_FILE = "MrSelfieTests/MrSelfieTests-Info.plist";
				PRODUCT_NAME = "$(TARGET_NAME)";
				TEST_HOST = "$(BUNDLE_LOADER)";
				WRAPPER_EXTENSION = xctest;
			};
			name = Release;
		};
/* End XCBuildConfiguration section */

/* Begin XCConfigurationList section */
		C133779F1925701C0067F20E /* Build configuration list for PBXProject "MrSelfie" */ = {
			isa = XCConfigurationList;
			buildConfigurations = (
				C13377CE1925701C0067F20E /* Debug */,
				C13377CF1925701C0067F20E /* Release */,
			);
			defaultConfigurationIsVisible = 0;
			defaultConfigurationName = Release;
		};
		C13377D01925701C0067F20E /* Build configuration list for PBXNativeTarget "MrSelfie" */ = {
			isa = XCConfigurationList;
			buildConfigurations = (
				C13377D11925701C0067F20E /* Debug */,
				C13377D21925701C0067F20E /* Release */,
			);
			defaultConfigurationIsVisible = 0;
			defaultConfigurationName = Release;
		};
		C13377D31925701C0067F20E /* Build configuration list for PBXNativeTarget "MrSelfieTests" */ = {
			isa = XCConfigurationList;
			buildConfigurations = (
				C13377D41925701C0067F20E /* Debug */,
				C13377D51925701C0067F20E /* Release */,
			);
			defaultConfigurationIsVisible = 0;
			defaultConfigurationName = Release;
		};
/* End XCConfigurationList section */
	};
	rootObject = C133779C1925701C0067F20E /* Project object */;
}
